# This file is autogenerated, do not edit; changes may be undone by the next 'dep ensure'.


[[projects]]
  branch = "master"
  digest = "1:6033b2bee79c883071cd417dbd50003c32e9f27d133f359aa607ec36f6bd950b"
  name = "github.com/3d0c/gmf"
  packages = ["."]
  pruneopts = "UT"
  revision = "0a02dda3cdb22c0d633134e4342d93d9c23dc653"

[[projects]]
  branch = "master"
  digest = "1:bbe51412d9915d64ffaa96b51d409e070665efc5194fcf145c4a27d4133107a4"
  name = "golang.org/x/crypto"
  packages = ["ssh/terminal"]
  pruneopts = "UT"
  revision = "a5d413f7728c81fb97d96a2b722368945f651e78"

[[projects]]
  branch = "master"
  digest = "1:f6ecdeceb64e02dcbfde0a26562e7fabe97988843e57c2fe314cf3f8e038a641"
  name = "golang.org/x/image"
  packages = [
    "draw",
    "math/f64",
  ]
  pruneopts = "UT"
  revision = "3fc05d484e9f77dd51816890e05f2602e4ca4d65"

[[projects]]
  branch = "master"
  digest = "1:f6321364014431568a59b49b449d6ae60c017f3afa3f4ab787a5636853b16b1e"
  name = "golang.org/x/sys"
  packages = [
    "unix",
    "windows",
  ]
  pruneopts = "UT"
  revision = "9eb1bfa1ce65ae8a6ff3114b0aaf9a41a6cf3560"

[solve-meta]
  analyzer-name = "dep"
  analyzer-version = 1
  input-imports = [
    "github.com/3d0c/gmf",
    "golang.org/x/crypto/ssh/terminal",
    "golang.org/x/image/draw",
  ]
  solver-name = "gps-cdcl"
  solver-version = 1
